
Microsoft Visual Studio Solution File, Format Version 12.00
# Visual Studio 15
VisualStudioVersion = 15.0.28307.902
MinimumVisualStudioVersion = 10.0.40219.1
Project("{FAE04EC0-301F-11D3-BF4B-00C04F79EFBC}") = "MidiTest", "MidiTest\MidiTest.csproj", "{106B7382-4DA4-4E31-8DA0-98F35AE85D64}"
EndProject
Global
	GlobalSection(SolutionConfigurationPlatforms) = preSolution
		Debug|Any CPU = Debug|Any CPU
		Release|Any CPU = Release|Any CPU
	EndGlobalSection
	GlobalSection(ProjectConfigurationPlatforms) = postSolution
		{106B7382-4DA4-4E31-8DA0-98F35AE85D64}.Debug|Any CPU.ActiveCfg = Debug|Any CPU
		{106B7382-4DA4-4E31-8DA0-98F35AE85D64}.Debug|Any CPU.Build.0 = Debug|Any CPU
		{106B7382-4DA4-4E31-8DA0-98F35AE85D64}.Release|Any CPU.ActiveCfg = Release|Any CPU
		{106B7382-4DA4-4E31-8DA0-98F35AE85D64}.Release|Any CPU.Build.0 = Release|Any CPU
	EndGlobalSection
	GlobalSection(SolutionProperties) = preSolution
		HideSolutionNode = FALSE
	EndGlobalSection
	GlobalSection(ExtensibilityGlobals) = postSolution
		SolutionGuid = {312AD2C2-E392-4681-A471-1EBBD95928DA}
	EndGlobalSection
EndGlobal
